
Microsoft Visual Studio Solution File, Format Version 12.00
# Visual Studio Version 17
VisualStudioVersion = 17.2.32630.192
MinimumVisualStudioVersion = 10.0.40219.1
Project("{9A19103F-16F7-4668-BE54-9A1E7A4F7556}") = "CSharpPracticeSyntax", "test\CSharpPracticeSyntax.csproj", "{0AFDC262-602F-4A7D-9011-0C84BA6B7C1C}"
EndProject
Global
	GlobalSection(SolutionConfigurationPlatforms) = preSolution
		Debug|Any CPU = Debug|Any CPU
		Release|Any CPU = Release|Any CPU
	EndGlobalSection
	GlobalSection(ProjectConfigurationPlatforms) = postSolution
		{0AFDC262-602F-4A7D-9011-0C84BA6B7C1C}.Debug|Any CPU.ActiveCfg = Debug|Any CPU
		{0AFDC262-602F-4A7D-9011-0C84BA6B7C1C}.Debug|Any CPU.Build.0 = Debug|Any CPU
		{0AFDC262-602F-4A7D-9011-0C84BA6B7C1C}.Release|Any CPU.ActiveCfg = Release|Any CPU
		{0AFDC262-602F-4A7D-9011-0C84BA6B7C1C}.Release|Any CPU.Build.0 = Release|Any CPU
	EndGlobalSection
	GlobalSection(SolutionProperties) = preSolution
		HideSolutionNode = FALSE
	EndGlobalSection
	GlobalSection(ExtensibilityGlobals) = postSolution
		SolutionGuid = {A4845841-F66E-4B8A-97F3-D3C20BC56CA1}
	EndGlobalSection
EndGlobal
